
Microsoft Visual Studio Solution File, Format Version 12.00
# Visual Studio Version 17
VisualStudioVersion = 17.2.32616.157
MinimumVisualStudioVersion = 10.0.40219.1
Project("{FAE04EC0-301F-11D3-BF4B-00C04F79EFBC}") = "BulkyBookWeb", "BulkyBookWeb\BulkyBookWeb.csproj", "{DE5462C6-D009-443B-81C2-DD4526676854}"
EndProject
Global
	GlobalSection(SolutionConfigurationPlatforms) = preSolution
		Debug|Any CPU = Debug|Any CPU
		Release|Any CPU = Release|Any CPU
	EndGlobalSection
	GlobalSection(ProjectConfigurationPlatforms) = postSolution
		{DE5462C6-D009-443B-81C2-DD4526676854}.Debug|Any CPU.ActiveCfg = Debug|Any CPU
		{DE5462C6-D009-443B-81C2-DD4526676854}.Debug|Any CPU.Build.0 = Debug|Any CPU
		{DE5462C6-D009-443B-81C2-DD4526676854}.Release|Any CPU.ActiveCfg = Release|Any CPU
		{DE5462C6-D009-443B-81C2-DD4526676854}.Release|Any CPU.Build.0 = Release|Any CPU
	EndGlobalSection
	GlobalSection(SolutionProperties) = preSolution
		HideSolutionNode = FALSE
	EndGlobalSection
	GlobalSection(ExtensibilityGlobals) = postSolution
		SolutionGuid = {F462866A-A214-416B-B917-78CEB9FDE35D}
	EndGlobalSection
EndGlobal
